{
    "date": "2026-07-29",
  "sha256": "af5300941cfecdef1a8d4f3733239846bf9a99087b39c76cf9c645fe380e9725",
  "previous_sha256": "713b8fca96a4ecff77f1c1263f02bb34571e712b0909b4dc32230306ebe4d54e",
  "signer": "bootstrap",
  "note": "Decision #24 - body-extend-106: P2 imm boundary (LDB/ADD/SUB) + P1 multi-slot (INC/DEC/JMP/CALL). 17 new handlers, 0-307. 739/739 golden PASS, 0 FAIL. EXPERIMENTAL only."
}