{
    "date": "2026-07-29",
  "sha256": "0275802d2b4459e6ece0801a73af3e988d203c6a34dacfa382f2e48fe8ad43cb",
  "previous_sha256": "af5300941cfecdef1a8d4f3733239846bf9a99087b39c76cf9c645fe380e9725",
  "signer": "bootstrap",
  "note": "Decision #25 - PROMPT Week axis update: 788 handlers, P2+P1 DONE, lock Decision #24. 739/739 golden PASS, DDC EQUAL."
}